// !$*UTF8*$!
{
	archiveVersion = 1;
	classes = {
	};
	objectVersion = 55;
	objects = {

/* Begin PBXBuildFile section */
		140BE4E528EE981900052664 /* ContentsCollectionViewCell.swift in Sources */ = {isa = PBXBuildFile; fileRef = 140BE4E428EE981900052664 /* ContentsCollectionViewCell.swift */; };
		140BE4E828EEA5FF00052664 /* ContentModel.swift in Sources */ = {isa = PBXBuildFile; fileRef = 140BE4E728EEA5FF00052664 /* ContentModel.swift */; };
		140C3EE029C96CDC00B4EF86 /* Chapter+CoreDataClass.swift in Sources */ = {isa = PBXBuildFile; fileRef = 140C3EDA29C96CDC00B4EF86 /* Chapter+CoreDataClass.swift */; };
		140C3EE129C96CDC00B4EF86 /* Chapter+CoreDataProperties.swift in Sources */ = {isa = PBXBuildFile; fileRef = 140C3EDB29C96CDC00B4EF86 /* Chapter+CoreDataProperties.swift */; };
		140C3EE229C96CDC00B4EF86 /* Draft+CoreDataClass.swift in Sources */ = {isa = PBXBuildFile; fileRef = 140C3EDC29C96CDC00B4EF86 /* Draft+CoreDataClass.swift */; };
		140C3EE329C96CDC00B4EF86 /* Draft+CoreDataProperties.swift in Sources */ = {isa = PBXBuildFile; fileRef = 140C3EDD29C96CDC00B4EF86 /* Draft+CoreDataProperties.swift */; };
		140C3EE429C96CDC00B4EF86 /* Book+CoreDataClass.swift in Sources */ = {isa = PBXBuildFile; fileRef = 140C3EDE29C96CDC00B4EF86 /* Book+CoreDataClass.swift */; };
		140C3EE529C96CDC00B4EF86 /* Book+CoreDataProperties.swift in Sources */ = {isa = PBXBuildFile; fileRef = 140C3EDF29C96CDC00B4EF86 /* Book+CoreDataProperties.swift */; };
		140C3EE729C96D7F00B4EF86 /* DraftStore.swift in Sources */ = {isa = PBXBuildFile; fileRef = 140C3EE629C96D7F00B4EF86 /* DraftStore.swift */; };
		140C3EE929C972B200B4EF86 /* DraftRepository.swift in Sources */ = {isa = PBXBuildFile; fileRef = 140C3EE829C972B200B4EF86 /* DraftRepository.swift */; };
		140C3EEC29C9779600B4EF86 /* BookRepository.swift in Sources */ = {isa = PBXBuildFile; fileRef = 140C3EEB29C9779600B4EF86 /* BookRepository.swift */; };
		140C3EEE29C98B8400B4EF86 /* UserDafaultStandardWrapper.swift in Sources */ = {isa = PBXBuildFile; fileRef = 140C3EED29C98B8400B4EF86 /* UserDafaultStandardWrapper.swift */; };
		141D5AD9290A430600BFE3F7 /* BottomMenuViewController.swift in Sources */ = {isa = PBXBuildFile; fileRef = 141D5AD8290A430600BFE3F7 /* BottomMenuViewController.swift */; };
		141D5ADB290A553B00BFE3F7 /* ExUIView.swift in Sources */ = {isa = PBXBuildFile; fileRef = 141D5ADA290A553B00BFE3F7 /* ExUIView.swift */; };
		1443B0FB29A887A8006CDB88 /* ExUserDefaults.swift in Sources */ = {isa = PBXBuildFile; fileRef = 1443B0FA29A887A8006CDB88 /* ExUserDefaults.swift */; };
		14474280293F369500823C72 /* ShareActivityItemSource.swift in Sources */ = {isa = PBXBuildFile; fileRef = 1447427F293F369500823C72 /* ShareActivityItemSource.swift */; };
		144F122E296D335700C34892 /* StartViewController.swift in Sources */ = {isa = PBXBuildFile; fileRef = 144F122D296D335700C34892 /* StartViewController.swift */; };
		146A8BDF29C6B4E0009D608E /* YaGiDataModel.xcdatamodeld in Sources */ = {isa = PBXBuildFile; fileRef = 146A8BDD29C6B4E0009D608E /* YaGiDataModel.xcdatamodeld */; };
		146A8BEA29C6CB20009D608E /* ChapterStore.swift in Sources */ = {isa = PBXBuildFile; fileRef = 146A8BE929C6CB20009D608E /* ChapterStore.swift */; };
		146A8BED29C6E050009D608E /* BookStore.swift in Sources */ = {isa = PBXBuildFile; fileRef = 146A8BEC29C6E050009D608E /* BookStore.swift */; };
		146A8BEF29C6E0CE009D608E /* ChapterRepository.swift in Sources */ = {isa = PBXBuildFile; fileRef = 146A8BEE29C6E0CE009D608E /* ChapterRepository.swift */; };
		146BB2D428CB6F930029F556 /* AppDelegate.swift in Sources */ = {isa = PBXBuildFile; fileRef = 146BB2D328CB6F930029F556 /* AppDelegate.swift */; };
		146BB2D628CB6F930029F556 /* SceneDelegate.swift in Sources */ = {isa = PBXBuildFile; fileRef = 146BB2D528CB6F930029F556 /* SceneDelegate.swift */; };
		146BB2DD28CB6F960029F556 /* Assets.xcassets in Resources */ = {isa = PBXBuildFile; fileRef = 146BB2DC28CB6F960029F556 /* Assets.xcassets */; };
		146BB2E028CB6F960029F556 /* LaunchScreen.storyboard in Resources */ = {isa = PBXBuildFile; fileRef = 146BB2DE28CB6F960029F556 /* LaunchScreen.storyboard */; };
		146BB2EA28CB80530029F556 /* MainTabBarController.swift in Sources */ = {isa = PBXBuildFile; fileRef = 146BB2E928CB80530029F556 /* MainTabBarController.swift */; };
		146BB2ED28CB82A90029F556 /* SnapKit in Frameworks */ = {isa = PBXBuildFile; productRef = 146BB2EC28CB82A90029F556 /* SnapKit */; };
		1484BC3B28CDE7C700E9F241 /* MaruBuri-Bold.ttf in Resources */ = {isa = PBXBuildFile; fileRef = 1484BC3828CDE7BF00E9F241 /* MaruBuri-Bold.ttf */; };
		1484BC3C28CDE7C900E9F241 /* MaruBuri-Light.ttf in Resources */ = {isa = PBXBuildFile; fileRef = 1484BC3728CDE7BF00E9F241 /* MaruBuri-Light.ttf */; };
		1484BC3D28CDE7CC00E9F241 /* MaruBuri-Regular.ttf in Resources */ = {isa = PBXBuildFile; fileRef = 1484BC3A28CDE7BF00E9F241 /* MaruBuri-Regular.ttf */; };
		1484BC3E28CDE7CE00E9F241 /* MaruBuri-SemiBold.ttf in Resources */ = {isa = PBXBuildFile; fileRef = 1484BC3928CDE7BF00E9F241 /* MaruBuri-SemiBold.ttf */; };
		1484BC4128CDEA0100E9F241 /* MaruBuri-ExtraLight.ttf in Resources */ = {isa = PBXBuildFile; fileRef = 1484BC4028CDE9F900E9F241 /* MaruBuri-ExtraLight.ttf */; };
		1484BC4628CDED2700E9F241 /* ExUIFont.swift in Sources */ = {isa = PBXBuildFile; fileRef = 1484BC4528CDED2700E9F241 /* ExUIFont.swift */; };
		148F5E8E296A800400A69B9C /* BookModel.swift in Sources */ = {isa = PBXBuildFile; fileRef = 148F5E8D296A800400A69B9C /* BookModel.swift */; };
		14994C00296FCE4C00FD41F7 /* UserDafaultsManager.swift in Sources */ = {isa = PBXBuildFile; fileRef = 14994BFF296FCE4C00FD41F7 /* UserDafaultsManager.swift */; };
		14994C02296FCE8F00FD41F7 /* UserDefaultWrapper.swift in Sources */ = {isa = PBXBuildFile; fileRef = 14994C01296FCE8F00FD41F7 /* UserDefaultWrapper.swift */; };
		14ACAAFB2A6271C600CF4043 /* CSSymbolButton.swift in Sources */ = {isa = PBXBuildFile; fileRef = 14ACAAFA2A6271C600CF4043 /* CSSymbolButton.swift */; };
		14BACB56297F8D9F0021BE5E /* BookmarkViewController.swift in Sources */ = {isa = PBXBuildFile; fileRef = 14BACB55297F8D9F0021BE5E /* BookmarkViewController.swift */; };
		14BACB58297F912C0021BE5E /* BookmarkTableViewCell.swift in Sources */ = {isa = PBXBuildFile; fileRef = 14BACB57297F912C0021BE5E /* BookmarkTableViewCell.swift */; };
		14D26F1729A32E9700798F99 /* BookshelfViewController.swift in Sources */ = {isa = PBXBuildFile; fileRef = 14D26F1629A32E9700798F99 /* BookshelfViewController.swift */; };
		14E5D9A428F155D200E349B4 /* WritingViewController.swift in Sources */ = {isa = PBXBuildFile; fileRef = 14E5D9A328F155D200E349B4 /* WritingViewController.swift */; };
		14E5D9A628F1583500E349B4 /* ContentDetailViewController.swift in Sources */ = {isa = PBXBuildFile; fileRef = 14E5D9A528F1583500E349B4 /* ContentDetailViewController.swift */; };
		14E5D9A828F15A1900E349B4 /* SettingViewController.swift in Sources */ = {isa = PBXBuildFile; fileRef = 14E5D9A728F15A1900E349B4 /* SettingViewController.swift */; };
		14F49D0B28D5BB980027A4B3 /* ColorAssets.xcassets in Resources */ = {isa = PBXBuildFile; fileRef = 14F49D0A28D5BB980027A4B3 /* ColorAssets.xcassets */; };
		14F49D0D28D5C0280027A4B3 /* ExUIColor.swift in Sources */ = {isa = PBXBuildFile; fileRef = 14F49D0C28D5C0280027A4B3 /* ExUIColor.swift */; };
		14F49D1028D5E2FF0027A4B3 /* ContentsViewController.swift in Sources */ = {isa = PBXBuildFile; fileRef = 14F49D0F28D5E2FF0027A4B3 /* ContentsViewController.swift */; };
		14F5EE0629AB0B1E00DFBEA9 /* ContentsCollectionItemModel.swift in Sources */ = {isa = PBXBuildFile; fileRef = 14F5EE0529AB0B1E00DFBEA9 /* ContentsCollectionItemModel.swift */; };
		14F5EE0A29AB388000DFBEA9 /* DraftCollectionViewCell.swift in Sources */ = {isa = PBXBuildFile; fileRef = 14F5EE0929AB388000DFBEA9 /* DraftCollectionViewCell.swift */; };
/* End PBXBuildFile section */

/* Begin PBXFileReference section */
		140BE4E428EE981900052664 /* ContentsCollectionViewCell.swift */ = {isa = PBXFileReference; lastKnownFileType = sourcecode.swift; path = ContentsCollectionViewCell.swift; sourceTree = "<group>"; };
		140BE4E728EEA5FF00052664 /* ContentModel.swift */ = {isa = PBXFileReference; lastKnownFileType = sourcecode.swift; path = ContentModel.swift; sourceTree = "<group>"; };
		140C3EDA29C96CDC00B4EF86 /* Chapter+CoreDataClass.swift */ = {isa = PBXFileReference; lastKnownFileType = sourcecode.swift; path = "Chapter+CoreDataClass.swift"; sourceTree = "<group>"; };
		140C3EDB29C96CDC00B4EF86 /* Chapter+CoreDataProperties.swift */ = {isa = PBXFileReference; lastKnownFileType = sourcecode.swift; path = "Chapter+CoreDataProperties.swift"; sourceTree = "<group>"; };
		140C3EDC29C96CDC00B4EF86 /* Draft+CoreDataClass.swift */ = {isa = PBXFileReference; lastKnownFileType = sourcecode.swift; path = "Draft+CoreDataClass.swift"; sourceTree = "<group>"; };
		140C3EDD29C96CDC00B4EF86 /* Draft+CoreDataProperties.swift */ = {isa = PBXFileReference; lastKnownFileType = sourcecode.swift; path = "Draft+CoreDataProperties.swift"; sourceTree = "<group>"; };
		140C3EDE29C96CDC00B4EF86 /* Book+CoreDataClass.swift */ = {isa = PBXFileReference; lastKnownFileType = sourcecode.swift; path = "Book+CoreDataClass.swift"; sourceTree = "<group>"; };
		140C3EDF29C96CDC00B4EF86 /* Book+CoreDataProperties.swift */ = {isa = PBXFileReference; lastKnownFileType = sourcecode.swift; path = "Book+CoreDataProperties.swift"; sourceTree = "<group>"; };
		140C3EE629C96D7F00B4EF86 /* DraftStore.swift */ = {isa = PBXFileReference; lastKnownFileType = sourcecode.swift; path = DraftStore.swift; sourceTree = "<group>"; };
		140C3EE829C972B200B4EF86 /* DraftRepository.swift */ = {isa = PBXFileReference; lastKnownFileType = sourcecode.swift; path = DraftRepository.swift; sourceTree = "<group>"; };
		140C3EEB29C9779600B4EF86 /* BookRepository.swift */ = {isa = PBXFileReference; lastKnownFileType = sourcecode.swift; path = BookRepository.swift; sourceTree = "<group>"; };
		140C3EED29C98B8400B4EF86 /* UserDafaultStandardWrapper.swift */ = {isa = PBXFileReference; lastKnownFileType = sourcecode.swift; path = UserDafaultStandardWrapper.swift; sourceTree = "<group>"; };
		141D5AD8290A430600BFE3F7 /* BottomMenuViewController.swift */ = {isa = PBXFileReference; lastKnownFileType = sourcecode.swift; path = BottomMenuViewController.swift; sourceTree = "<group>"; };
		141D5ADA290A553B00BFE3F7 /* ExUIView.swift */ = {isa = PBXFileReference; lastKnownFileType = sourcecode.swift; path = ExUIView.swift; sourceTree = "<group>"; };
		1443B0FA29A887A8006CDB88 /* ExUserDefaults.swift */ = {isa = PBXFileReference; lastKnownFileType = sourcecode.swift; path = ExUserDefaults.swift; sourceTree = "<group>"; };
		1447427F293F369500823C72 /* ShareActivityItemSource.swift */ = {isa = PBXFileReference; lastKnownFileType = sourcecode.swift; path = ShareActivityItemSource.swift; sourceTree = "<group>"; };
		144F122D296D335700C34892 /* StartViewController.swift */ = {isa = PBXFileReference; lastKnownFileType = sourcecode.swift; path = StartViewController.swift; sourceTree = "<group>"; };
		146A8BDE29C6B4E0009D608E /* YaGiDataModel.xcdatamodel */ = {isa = PBXFileReference; lastKnownFileType = wrapper.xcdatamodel; path = YaGiDataModel.xcdatamodel; sourceTree = "<group>"; };
		146A8BE929C6CB20009D608E /* ChapterStore.swift */ = {isa = PBXFileReference; lastKnownFileType = sourcecode.swift; path = ChapterStore.swift; sourceTree = "<group>"; };
		146A8BEC29C6E050009D608E /* BookStore.swift */ = {isa = PBXFileReference; lastKnownFileType = sourcecode.swift; path = BookStore.swift; sourceTree = "<group>"; };
		146A8BEE29C6E0CE009D608E /* ChapterRepository.swift */ = {isa = PBXFileReference; lastKnownFileType = sourcecode.swift; path = ChapterRepository.swift; sourceTree = "<group>"; };
		146BB2D028CB6F930029F556 /* YaGi.app */ = {isa = PBXFileReference; explicitFileType = wrapper.application; includeInIndex = 0; path = YaGi.app; sourceTree = BUILT_PRODUCTS_DIR; };
		146BB2D328CB6F930029F556 /* AppDelegate.swift */ = {isa = PBXFileReference; lastKnownFileType = sourcecode.swift; path = AppDelegate.swift; sourceTree = "<group>"; };
		146BB2D528CB6F930029F556 /* SceneDelegate.swift */ = {isa = PBXFileReference; lastKnownFileType = sourcecode.swift; path = SceneDelegate.swift; sourceTree = "<group>"; };
		146BB2DC28CB6F960029F556 /* Assets.xcassets */ = {isa = PBXFileReference; lastKnownFileType = folder.assetcatalog; path = Assets.xcassets; sourceTree = "<group>"; };
		146BB2DF28CB6F960029F556 /* Base */ = {isa = PBXFileReference; lastKnownFileType = file.storyboard; name = Base; path = Base.lproj/LaunchScreen.storyboard; sourceTree = "<group>"; };
		146BB2E928CB80530029F556 /* MainTabBarController.swift */ = {isa = PBXFileReference; lastKnownFileType = sourcecode.swift; path = MainTabBarController.swift; sourceTree = "<group>"; };
		147FCA6F298B914700E00E76 /* Info.plist */ = {isa = PBXFileReference; lastKnownFileType = text.plist.xml; path = Info.plist; sourceTree = "<group>"; };
		1484BC3728CDE7BF00E9F241 /* MaruBuri-Light.ttf */ = {isa = PBXFileReference; lastKnownFileType = file; path = "MaruBuri-Light.ttf"; sourceTree = "<group>"; };
		1484BC3828CDE7BF00E9F241 /* MaruBuri-Bold.ttf */ = {isa = PBXFileReference; lastKnownFileType = file; path = "MaruBuri-Bold.ttf"; sourceTree = "<group>"; };
		1484BC3928CDE7BF00E9F241 /* MaruBuri-SemiBold.ttf */ = {isa = PBXFileReference; lastKnownFileType = file; path = "MaruBuri-SemiBold.ttf"; sourceTree = "<group>"; };
		1484BC3A28CDE7BF00E9F241 /* MaruBuri-Regular.ttf */ = {isa = PBXFileReference; lastKnownFileType = file; path = "MaruBuri-Regular.ttf"; sourceTree = "<group>"; };
		1484BC4028CDE9F900E9F241 /* MaruBuri-ExtraLight.ttf */ = {isa = PBXFileReference; lastKnownFileType = file; path = "MaruBuri-ExtraLight.ttf"; sourceTree = "<group>"; };
		1484BC4528CDED2700E9F241 /* ExUIFont.swift */ = {isa = PBXFileReference; lastKnownFileType = sourcecode.swift; path = ExUIFont.swift; sourceTree = "<group>"; };
		148F5E8D296A800400A69B9C /* BookModel.swift */ = {isa = PBXFileReference; lastKnownFileType = sourcecode.swift; path = BookModel.swift; sourceTree = "<group>"; };
		14994BFF296FCE4C00FD41F7 /* UserDafaultsManager.swift */ = {isa = PBXFileReference; lastKnownFileType = sourcecode.swift; path = UserDafaultsManager.swift; sourceTree = "<group>"; };
		14994C01296FCE8F00FD41F7 /* UserDefaultWrapper.swift */ = {isa = PBXFileReference; lastKnownFileType = sourcecode.swift; path = UserDefaultWrapper.swift; sourceTree = "<group>"; };
		14ACAAFA2A6271C600CF4043 /* CSSymbolButton.swift */ = {isa = PBXFileReference; lastKnownFileType = sourcecode.swift; path = CSSymbolButton.swift; sourceTree = "<group>"; };
		14BACB55297F8D9F0021BE5E /* BookmarkViewController.swift */ = {isa = PBXFileReference; lastKnownFileType = sourcecode.swift; path = BookmarkViewController.swift; sourceTree = "<group>"; };
		14BACB57297F912C0021BE5E /* BookmarkTableViewCell.swift */ = {isa = PBXFileReference; lastKnownFileType = sourcecode.swift; path = BookmarkTableViewCell.swift; sourceTree = "<group>"; };
		14D26F1629A32E9700798F99 /* BookshelfViewController.swift */ = {isa = PBXFileReference; lastKnownFileType = sourcecode.swift; path = BookshelfViewController.swift; sourceTree = "<group>"; };
		14E5D9A328F155D200E349B4 /* WritingViewController.swift */ = {isa = PBXFileReference; lastKnownFileType = sourcecode.swift; path = WritingViewController.swift; sourceTree = "<group>"; };
		14E5D9A528F1583500E349B4 /* ContentDetailViewController.swift */ = {isa = PBXFileReference; lastKnownFileType = sourcecode.swift; path = ContentDetailViewController.swift; sourceTree = "<group>"; };
		14E5D9A728F15A1900E349B4 /* SettingViewController.swift */ = {isa = PBXFileReference; lastKnownFileType = sourcecode.swift; path = SettingViewController.swift; sourceTree = "<group>"; };
		14F49D0A28D5BB980027A4B3 /* ColorAssets.xcassets */ = {isa = PBXFileReference; lastKnownFileType = folder.assetcatalog; path = ColorAssets.xcassets; sourceTree = "<group>"; };
		14F49D0C28D5C0280027A4B3 /* ExUIColor.swift */ = {isa = PBXFileReference; lastKnownFileType = sourcecode.swift; path = ExUIColor.swift; sourceTree = "<group>"; };
		14F49D0F28D5E2FF0027A4B3 /* ContentsViewController.swift */ = {isa = PBXFileReference; lastKnownFileType = sourcecode.swift; path = ContentsViewController.swift; sourceTree = "<group>"; };
		14F5EE0529AB0B1E00DFBEA9 /* ContentsCollectionItemModel.swift */ = {isa = PBXFileReference; lastKnownFileType = sourcecode.swift; path = ContentsCollectionItemModel.swift; sourceTree = "<group>"; };
		14F5EE0929AB388000DFBEA9 /* DraftCollectionViewCell.swift */ = {isa = PBXFileReference; lastKnownFileType = sourcecode.swift; path = DraftCollectionViewCell.swift; sourceTree = "<group>"; };
/* End PBXFileReference section */

/* Begin PBXFrameworksBuildPhase section */
		146BB2CD28CB6F930029F556 /* Frameworks */ = {
			isa = PBXFrameworksBuildPhase;
			buildActionMask = 2147483647;
			files = (
				146BB2ED28CB82A90029F556 /* SnapKit in Frameworks */,
			);
			runOnlyForDeploymentPostprocessing = 0;
		};
/* End PBXFrameworksBuildPhase section */

/* Begin PBXGroup section */
		140BE4E628EEA5DB00052664 /* Data */ = {
			isa = PBXGroup;
			children = (
				146A8BEB29C6CB25009D608E /* CoreDataManager */,
				148BD052298F7D280045B7AE /* Model */,
				14994BFF296FCE4C00FD41F7 /* UserDafaultsManager.swift */,
				140C3EED29C98B8400B4EF86 /* UserDafaultStandardWrapper.swift */,
				14994C01296FCE8F00FD41F7 /* UserDefaultWrapper.swift */,
			);
			path = Data;
			sourceTree = "<group>";
		};
		140C3EEA29C9771700B4EF86 /* CoreDataStore */ = {
			isa = PBXGroup;
			children = (
				146A8BE929C6CB20009D608E /* ChapterStore.swift */,
				146A8BEC29C6E050009D608E /* BookStore.swift */,
				140C3EE629C96D7F00B4EF86 /* DraftStore.swift */,
			);
			path = CoreDataStore;
			sourceTree = "<group>";
		};
		146A8BE829C6BF9B009D608E /* CoreDataModel */ = {
			isa = PBXGroup;
			children = (
				140C3EDA29C96CDC00B4EF86 /* Chapter+CoreDataClass.swift */,
				140C3EDB29C96CDC00B4EF86 /* Chapter+CoreDataProperties.swift */,
				140C3EDC29C96CDC00B4EF86 /* Draft+CoreDataClass.swift */,
				140C3EDD29C96CDC00B4EF86 /* Draft+CoreDataProperties.swift */,
				140C3EDE29C96CDC00B4EF86 /* Book+CoreDataClass.swift */,
				140C3EDF29C96CDC00B4EF86 /* Book+CoreDataProperties.swift */,
			);
			path = CoreDataModel;
			sourceTree = "<group>";
		};
		146A8BEB29C6CB25009D608E /* CoreDataManager */ = {
			isa = PBXGroup;
			children = (
				140C3EEA29C9771700B4EF86 /* CoreDataStore */,
				146A8BEE29C6E0CE009D608E /* ChapterRepository.swift */,
				140C3EE829C972B200B4EF86 /* DraftRepository.swift */,
				140C3EEB29C9779600B4EF86 /* BookRepository.swift */,
			);
			path = CoreDataManager;
			sourceTree = "<group>";
		};
		146BB2C728CB6F930029F556 = {
			isa = PBXGroup;
			children = (
				146BB2D228CB6F930029F556 /* YaGi */,
				146BB2D128CB6F930029F556 /* Products */,
			);
			sourceTree = "<group>";
		};
		146BB2D128CB6F930029F556 /* Products */ = {
			isa = PBXGroup;
			children = (
				146BB2D028CB6F930029F556 /* YaGi.app */,
			);
			name = Products;
			sourceTree = "<group>";
		};
		146BB2D228CB6F930029F556 /* YaGi */ = {
			isa = PBXGroup;
			children = (
				140BE4E628EEA5DB00052664 /* Data */,
				14F49D1128D5E30F0027A4B3 /* Scenes */,
				14F49D0928D5BB1F0027A4B3 /* Asset */,
				14ACAAF72A626FCD00CF4043 /* Custom */,
				1484BC4328CDEC9F00E9F241 /* Extension */,
				146BB2D328CB6F930029F556 /* AppDelegate.swift */,
				146BB2D528CB6F930029F556 /* SceneDelegate.swift */,
				146BB2DE28CB6F960029F556 /* LaunchScreen.storyboard */,
				147FCA6F298B914700E00E76 /* Info.plist */,
				146A8BDD29C6B4E0009D608E /* YaGiDataModel.xcdatamodeld */,
			);
			path = YaGi;
			sourceTree = "<group>";
		};
		1484BC3428CDE59E00E9F241 /* Font */ = {
			isa = PBXGroup;
			children = (
				1484BC3828CDE7BF00E9F241 /* MaruBuri-Bold.ttf */,
				1484BC3728CDE7BF00E9F241 /* MaruBuri-Light.ttf */,
				1484BC3A28CDE7BF00E9F241 /* MaruBuri-Regular.ttf */,
				1484BC3928CDE7BF00E9F241 /* MaruBuri-SemiBold.ttf */,
				1484BC4028CDE9F900E9F241 /* MaruBuri-ExtraLight.ttf */,
			);
			path = Font;
			sourceTree = "<group>";
		};
		1484BC4328CDEC9F00E9F241 /* Extension */ = {
			isa = PBXGroup;
			children = (
				1484BC4528CDED2700E9F241 /* ExUIFont.swift */,
				14F49D0C28D5C0280027A4B3 /* ExUIColor.swift */,
				141D5ADA290A553B00BFE3F7 /* ExUIView.swift */,
				1443B0FA29A887A8006CDB88 /* ExUserDefaults.swift */,
			);
			path = Extension;
			sourceTree = "<group>";
		};
		148BD052298F7D280045B7AE /* Model */ = {
			isa = PBXGroup;
			children = (
				146A8BE829C6BF9B009D608E /* CoreDataModel */,
				140BE4E728EEA5FF00052664 /* ContentModel.swift */,
				148F5E8D296A800400A69B9C /* BookModel.swift */,
				14F5EE0529AB0B1E00DFBEA9 /* ContentsCollectionItemModel.swift */,
			);
			path = Model;
			sourceTree = "<group>";
		};
		148BD053298F7D350045B7AE /* Contents */ = {
			isa = PBXGroup;
			children = (
				14ACAAF92A62701800CF4043 /* Main */,
				14ACAAF62A626FB800CF4043 /* Detail */,
				14ACAAF52A626FAA00CF4043 /* Writing */,
			);
			path = Contents;
			sourceTree = "<group>";
		};
		148BD054298F7D4C0045B7AE /* Bookmark */ = {
			isa = PBXGroup;
			children = (
				14BACB55297F8D9F0021BE5E /* BookmarkViewController.swift */,
				14BACB57297F912C0021BE5E /* BookmarkTableViewCell.swift */,
			);
			path = Bookmark;
			sourceTree = "<group>";
		};
		14ACAAF32A626F7D00CF4043 /* Setting */ = {
			isa = PBXGroup;
			children = (
				14E5D9A728F15A1900E349B4 /* SettingViewController.swift */,
			);
			path = Setting;
			sourceTree = "<group>";
		};
		14ACAAF42A626F9A00CF4043 /* Start */ = {
			isa = PBXGroup;
			children = (
				144F122D296D335700C34892 /* StartViewController.swift */,
			);
			path = Start;
			sourceTree = "<group>";
		};
		14ACAAF52A626FAA00CF4043 /* Writing */ = {
			isa = PBXGroup;
			children = (
				14E5D9A328F155D200E349B4 /* WritingViewController.swift */,
			);
			path = Writing;
			sourceTree = "<group>";
		};
		14ACAAF62A626FB800CF4043 /* Detail */ = {
			isa = PBXGroup;
			children = (
				14E5D9A528F1583500E349B4 /* ContentDetailViewController.swift */,
			);
			path = Detail;
			sourceTree = "<group>";
		};
		14ACAAF72A626FCD00CF4043 /* Custom */ = {
			isa = PBXGroup;
			children = (
				1447427F293F369500823C72 /* ShareActivityItemSource.swift */,
				141D5AD8290A430600BFE3F7 /* BottomMenuViewController.swift */,
				14ACAAFA2A6271C600CF4043 /* CSSymbolButton.swift */,
			);
			path = Custom;
			sourceTree = "<group>";
		};
		14ACAAF92A62701800CF4043 /* Main */ = {
			isa = PBXGroup;
			children = (
				14F49D0F28D5E2FF0027A4B3 /* ContentsViewController.swift */,
				140BE4E428EE981900052664 /* ContentsCollectionViewCell.swift */,
				14F5EE0929AB388000DFBEA9 /* DraftCollectionViewCell.swift */,
			);
			path = Main;
			sourceTree = "<group>";
		};
		14F49D0928D5BB1F0027A4B3 /* Asset */ = {
			isa = PBXGroup;
			children = (
				1484BC3428CDE59E00E9F241 /* Font */,
				146BB2DC28CB6F960029F556 /* Assets.xcassets */,
				14F49D0A28D5BB980027A4B3 /* ColorAssets.xcassets */,
			);
			path = Asset;
			sourceTree = "<group>";
		};
		14F49D1128D5E30F0027A4B3 /* Scenes */ = {
			isa = PBXGroup;
			children = (
				146BB2E928CB80530029F556 /* MainTabBarController.swift */,
				14D26F1629A32E9700798F99 /* BookshelfViewController.swift */,
				14ACAAF42A626F9A00CF4043 /* Start */,
				14ACAAF32A626F7D00CF4043 /* Setting */,
				148BD054298F7D4C0045B7AE /* Bookmark */,
				148BD053298F7D350045B7AE /* Contents */,
			);
			path = Scenes;
			sourceTree = "<group>";
		};
/* End PBXGroup section */

/* Begin PBXNativeTarget section */
		146BB2CF28CB6F930029F556 /* YaGi */ = {
			isa = PBXNativeTarget;
			buildConfigurationList = 146BB2E428CB6F960029F556 /* Build configuration list for PBXNativeTarget "YaGi" */;
			buildPhases = (
				146BB2CC28CB6F930029F556 /* Sources */,
				146BB2CD28CB6F930029F556 /* Frameworks */,
				146BB2CE28CB6F930029F556 /* Resources */,
			);
			buildRules = (
			);
			dependencies = (
			);
			name = YaGi;
			packageProductDependencies = (
				146BB2EC28CB82A90029F556 /* SnapKit */,
			);
			productName = YaGi;
			productReference = 146BB2D028CB6F930029F556 /* YaGi.app */;
			productType = "com.apple.product-type.application";
		};
/* End PBXNativeTarget section */

/* Begin PBXProject section */
		146BB2C828CB6F930029F556 /* Project object */ = {
			isa = PBXProject;
			attributes = {
				BuildIndependentTargetsInParallel = 1;
				LastSwiftUpdateCheck = 1340;
				LastUpgradeCheck = 1340;
				TargetAttributes = {
					146BB2CF28CB6F930029F556 = {
						CreatedOnToolsVersion = 13.4.1;
					};
				};
			};
			buildConfigurationList = 146BB2CB28CB6F930029F556 /* Build configuration list for PBXProject "YaGi" */;
			compatibilityVersion = "Xcode 13.0";
			developmentRegion = en;
			hasScannedForEncodings = 0;
			knownRegions = (
				en,
				Base,
			);
			mainGroup = 146BB2C728CB6F930029F556;
			packageReferences = (
				146BB2EB28CB82A90029F556 /* XCRemoteSwiftPackageReference "SnapKit" */,
			);
			productRefGroup = 146BB2D128CB6F930029F556 /* Products */;
			projectDirPath = "";
			projectRoot = "";
			targets = (
				146BB2CF28CB6F930029F556 /* YaGi */,
			);
		};
/* End PBXProject section */

/* Begin PBXResourcesBuildPhase section */
		146BB2CE28CB6F930029F556 /* Resources */ = {
			isa = PBXResourcesBuildPhase;
			buildActionMask = 2147483647;
			files = (
				146BB2E028CB6F960029F556 /* LaunchScreen.storyboard in Resources */,
				1484BC3E28CDE7CE00E9F241 /* MaruBuri-SemiBold.ttf in Resources */,
				14F49D0B28D5BB980027A4B3 /* ColorAssets.xcassets in Resources */,
				1484BC3B28CDE7C700E9F241 /* MaruBuri-Bold.ttf in Resources */,
				146BB2DD28CB6F960029F556 /* Assets.xcassets in Resources */,
				1484BC3D28CDE7CC00E9F241 /* MaruBuri-Regular.ttf in Resources */,
				1484BC4128CDEA0100E9F241 /* MaruBuri-ExtraLight.ttf in Resources */,
				1484BC3C28CDE7C900E9F241 /* MaruBuri-Light.ttf in Resources */,
			);
			runOnlyForDeploymentPostprocessing = 0;
		};
/* End PBXResourcesBuildPhase section */

/* Begin PBXSourcesBuildPhase section */
		146BB2CC28CB6F930029F556 /* Sources */ = {
			isa = PBXSourcesBuildPhase;
			buildActionMask = 2147483647;
			files = (
				140C3EE529C96CDC00B4EF86 /* Book+CoreDataProperties.swift in Sources */,
				14F5EE0A29AB388000DFBEA9 /* DraftCollectionViewCell.swift in Sources */,
				141D5ADB290A553B00BFE3F7 /* ExUIView.swift in Sources */,
				146BB2D428CB6F930029F556 /* AppDelegate.swift in Sources */,
				14E5D9A428F155D200E349B4 /* WritingViewController.swift in Sources */,
				1443B0FB29A887A8006CDB88 /* ExUserDefaults.swift in Sources */,
				140C3EE329C96CDC00B4EF86 /* Draft+CoreDataProperties.swift in Sources */,
				140C3EE229C96CDC00B4EF86 /* Draft+CoreDataClass.swift in Sources */,
				14D26F1729A32E9700798F99 /* BookshelfViewController.swift in Sources */,
				14994C00296FCE4C00FD41F7 /* UserDafaultsManager.swift in Sources */,
				140BE4E828EEA5FF00052664 /* ContentModel.swift in Sources */,
				146BB2EA28CB80530029F556 /* MainTabBarController.swift in Sources */,
				146A8BED29C6E050009D608E /* BookStore.swift in Sources */,
				146A8BDF29C6B4E0009D608E /* YaGiDataModel.xcdatamodeld in Sources */,
				146A8BEF29C6E0CE009D608E /* ChapterRepository.swift in Sources */,
				144F122E296D335700C34892 /* StartViewController.swift in Sources */,
				14E5D9A828F15A1900E349B4 /* SettingViewController.swift in Sources */,
				14BACB56297F8D9F0021BE5E /* BookmarkViewController.swift in Sources */,
				146A8BEA29C6CB20009D608E /* ChapterStore.swift in Sources */,
				148F5E8E296A800400A69B9C /* BookModel.swift in Sources */,
				140C3EE429C96CDC00B4EF86 /* Book+CoreDataClass.swift in Sources */,
				14F49D1028D5E2FF0027A4B3 /* ContentsViewController.swift in Sources */,
				141D5AD9290A430600BFE3F7 /* BottomMenuViewController.swift in Sources */,
				140C3EE029C96CDC00B4EF86 /* Chapter+CoreDataClass.swift in Sources */,
				140C3EEC29C9779600B4EF86 /* BookRepository.swift in Sources */,
				14474280293F369500823C72 /* ShareActivityItemSource.swift in Sources */,
				14994C02296FCE8F00FD41F7 /* UserDefaultWrapper.swift in Sources */,
				140BE4E528EE981900052664 /* ContentsCollectionViewCell.swift in Sources */,
				146BB2D628CB6F930029F556 /* SceneDelegate.swift in Sources */,
				14E5D9A628F1583500E349B4 /* ContentDetailViewController.swift in Sources */,
				14F5EE0629AB0B1E00DFBEA9 /* ContentsCollectionItemModel.swift in Sources */,
				14F49D0D28D5C0280027A4B3 /* ExUIColor.swift in Sources */,
				140C3EE729C96D7F00B4EF86 /* DraftStore.swift in Sources */,
				1484BC4628CDED2700E9F241 /* ExUIFont.swift in Sources */,
				140C3EE929C972B200B4EF86 /* DraftRepository.swift in Sources */,
				140C3EE129C96CDC00B4EF86 /* Chapter+CoreDataProperties.swift in Sources */,
				14ACAAFB2A6271C600CF4043 /* CSSymbolButton.swift in Sources */,
				140C3EEE29C98B8400B4EF86 /* UserDafaultStandardWrapper.swift in Sources */,
				14BACB58297F912C0021BE5E /* BookmarkTableViewCell.swift in Sources */,
			);
			runOnlyForDeploymentPostprocessing = 0;
		};
/* End PBXSourcesBuildPhase section */

/* Begin PBXVariantGroup section */
		146BB2DE28CB6F960029F556 /* LaunchScreen.storyboard */ = {
			isa = PBXVariantGroup;
			children = (
				146BB2DF28CB6F960029F556 /* Base */,
			);
			name = LaunchScreen.storyboard;
			sourceTree = "<group>";
		};
/* End PBXVariantGroup section */

/* Begin XCBuildConfiguration section */
		146BB2E228CB6F960029F556 /* Debug */ = {
			isa = XCBuildConfiguration;
			buildSettings = {
				ALWAYS_SEARCH_USER_PATHS = NO;
				CLANG_ANALYZER_NONNULL = YES;
				CLANG_ANALYZER_NUMBER_OBJECT_CONVERSION = YES_AGGRESSIVE;
				CLANG_CXX_LANGUAGE_STANDARD = "gnu++17";
				CLANG_ENABLE_MODULES = YES;
				CLANG_ENABLE_OBJC_ARC = YES;
				CLANG_ENABLE_OBJC_WEAK = YES;
				CLANG_WARN_BLOCK_CAPTURE_AUTORELEASING = YES;
				CLANG_WARN_BOOL_CONVERSION = YES;
				CLANG_WARN_COMMA = YES;
				CLANG_WARN_CONSTANT_CONVERSION = YES;
				CLANG_WARN_DEPRECATED_OBJC_IMPLEMENTATIONS = YES;
				CLANG_WARN_DIRECT_OBJC_ISA_USAGE = YES_ERROR;
				CLANG_WARN_DOCUMENTATION_COMMENTS = YES;
				CLANG_WARN_EMPTY_BODY = YES;
				CLANG_WARN_ENUM_CONVERSION = YES;
				CLANG_WARN_INFINITE_RECURSION = YES;
				CLANG_WARN_INT_CONVERSION = YES;
				CLANG_WARN_NON_LITERAL_NULL_CONVERSION = YES;
				CLANG_WARN_OBJC_IMPLICIT_RETAIN_SELF = YES;
				CLANG_WARN_OBJC_LITERAL_CONVERSION = YES;
				CLANG_WARN_OBJC_ROOT_CLASS = YES_ERROR;
				CLANG_WARN_QUOTED_INCLUDE_IN_FRAMEWORK_HEADER = YES;
				CLANG_WARN_RANGE_LOOP_ANALYSIS = YES;
				CLANG_WARN_STRICT_PROTOTYPES = YES;
				CLANG_WARN_SUSPICIOUS_MOVE = YES;
				CLANG_WARN_UNGUARDED_AVAILABILITY = YES_AGGRESSIVE;
				CLANG_WARN_UNREACHABLE_CODE = YES;
				CLANG_WARN__DUPLICATE_METHOD_MATCH = YES;
				COPY_PHASE_STRIP = NO;
				DEBUG_INFORMATION_FORMAT = dwarf;
				ENABLE_STRICT_OBJC_MSGSEND = YES;
				ENABLE_TESTABILITY = YES;
				GCC_C_LANGUAGE_STANDARD = gnu11;
				GCC_DYNAMIC_NO_PIC = NO;
				GCC_NO_COMMON_BLOCKS = YES;
				GCC_OPTIMIZATION_LEVEL = 0;
				GCC_PREPROCESSOR_DEFINITIONS = (
					"DEBUG=1",
					"$(inherited)",
				);
				GCC_WARN_64_TO_32_BIT_CONVERSION = YES;
				GCC_WARN_ABOUT_RETURN_TYPE = YES_ERROR;
				GCC_WARN_UNDECLARED_SELECTOR = YES;
				GCC_WARN_UNINITIALIZED_AUTOS = YES_AGGRESSIVE;
				GCC_WARN_UNUSED_FUNCTION = YES;
				GCC_WARN_UNUSED_VARIABLE = YES;
				IPHONEOS_DEPLOYMENT_TARGET = 15.5;
				MTL_ENABLE_DEBUG_INFO = INCLUDE_SOURCE;
				MTL_FAST_MATH = YES;
				ONLY_ACTIVE_ARCH = YES;
				SDKROOT = iphoneos;
				SWIFT_ACTIVE_COMPILATION_CONDITIONS = DEBUG;
				SWIFT_OPTIMIZATION_LEVEL = "-Onone";
			};
			name = Debug;
		};
		146BB2E328CB6F960029F556 /* Release */ = {
			isa = XCBuildConfiguration;
			buildSettings = {
				ALWAYS_SEARCH_USER_PATHS = NO;
				CLANG_ANALYZER_NONNULL = YES;
				CLANG_ANALYZER_NUMBER_OBJECT_CONVERSION = YES_AGGRESSIVE;
				CLANG_CXX_LANGUAGE_STANDARD = "gnu++17";
				CLANG_ENABLE_MODULES = YES;
				CLANG_ENABLE_OBJC_ARC = YES;
				CLANG_ENABLE_OBJC_WEAK = YES;
				CLANG_WARN_BLOCK_CAPTURE_AUTORELEASING = YES;
				CLANG_WARN_BOOL_CONVERSION = YES;
				CLANG_WARN_COMMA = YES;
				CLANG_WARN_CONSTANT_CONVERSION = YES;
				CLANG_WARN_DEPRECATED_OBJC_IMPLEMENTATIONS = YES;
				CLANG_WARN_DIRECT_OBJC_ISA_USAGE = YES_ERROR;
				CLANG_WARN_DOCUMENTATION_COMMENTS = YES;
				CLANG_WARN_EMPTY_BODY = YES;
				CLANG_WARN_ENUM_CONVERSION = YES;
				CLANG_WARN_INFINITE_RECURSION = YES;
				CLANG_WARN_INT_CONVERSION = YES;
				CLANG_WARN_NON_LITERAL_NULL_CONVERSION = YES;
				CLANG_WARN_OBJC_IMPLICIT_RETAIN_SELF = YES;
				CLANG_WARN_OBJC_LITERAL_CONVERSION = YES;
				CLANG_WARN_OBJC_ROOT_CLASS = YES_ERROR;
				CLANG_WARN_QUOTED_INCLUDE_IN_FRAMEWORK_HEADER = YES;
				CLANG_WARN_RANGE_LOOP_ANALYSIS = YES;
				CLANG_WARN_STRICT_PROTOTYPES = YES;
				CLANG_WARN_SUSPICIOUS_MOVE = YES;
				CLANG_WARN_UNGUARDED_AVAILABILITY = YES_AGGRESSIVE;
				CLANG_WARN_UNREACHABLE_CODE = YES;
				CLANG_WARN__DUPLICATE_METHOD_MATCH = YES;
				COPY_PHASE_STRIP = NO;
				DEBUG_INFORMATION_FORMAT = "dwarf-with-dsym";
				ENABLE_NS_ASSERTIONS = NO;
				ENABLE_STRICT_OBJC_MSGSEND = YES;
				GCC_C_LANGUAGE_STANDARD = gnu11;
				GCC_NO_COMMON_BLOCKS = YES;
				GCC_WARN_64_TO_32_BIT_CONVERSION = YES;
				GCC_WARN_ABOUT_RETURN_TYPE = YES_ERROR;
				GCC_WARN_UNDECLARED_SELECTOR = YES;
				GCC_WARN_UNINITIALIZED_AUTOS = YES_AGGRESSIVE;
				GCC_WARN_UNUSED_FUNCTION = YES;
				GCC_WARN_UNUSED_VARIABLE = YES;
				IPHONEOS_DEPLOYMENT_TARGET = 15.5;
				MTL_ENABLE_DEBUG_INFO = NO;
				MTL_FAST_MATH = YES;
				SDKROOT = iphoneos;
				SWIFT_COMPILATION_MODE = wholemodule;
				SWIFT_OPTIMIZATION_LEVEL = "-O";
				VALIDATE_PRODUCT = YES;
			};
			name = Release;
		};
		146BB2E528CB6F960029F556 /* Debug */ = {
			isa = XCBuildConfiguration;
			buildSettings = {
				ASSETCATALOG_COMPILER_APPICON_NAME = AppIcon;
				ASSETCATALOG_COMPILER_GLOBAL_ACCENT_COLOR_NAME = AccentColor;
				CODE_SIGN_STYLE = Automatic;
				CURRENT_PROJECT_VERSION = 1;
				DEVELOPMENT_TEAM = ZQV4ZDQNW5;
				GENERATE_INFOPLIST_FILE = YES;
				INFOPLIST_FILE = YaGi/Info.plist;
				INFOPLIST_KEY_UIApplicationSupportsIndirectInputEvents = YES;
				INFOPLIST_KEY_UILaunchStoryboardName = LaunchScreen.storyboard;
				INFOPLIST_KEY_UIStatusBarStyle = UIStatusBarStyleLightContent;
				INFOPLIST_KEY_UISupportedInterfaceOrientations = UIInterfaceOrientationPortrait;
				INFOPLIST_KEY_UISupportedInterfaceOrientations_iPad = "UIInterfaceOrientationLandscapeLeft UIInterfaceOrientationLandscapeRight UIInterfaceOrientationPortrait UIInterfaceOrientationPortraitUpsideDown";
				INFOPLIST_KEY_UIUserInterfaceStyle = Light;
				IPHONEOS_DEPLOYMENT_TARGET = 16.2;
				LD_RUNPATH_SEARCH_PATHS = (
					"$(inherited)",
					"@executable_path/Frameworks",
				);
				MARKETING_VERSION = 1.3.0;
				PRODUCT_BUNDLE_IDENTIFIER = com.tistory.88yhtserof.YaGi;
				PRODUCT_NAME = "$(TARGET_NAME)";
				SWIFT_EMIT_LOC_STRINGS = YES;
				SWIFT_VERSION = 5.0;
				TARGETED_DEVICE_FAMILY = 1;
			};
			name = Debug;
		};
		146BB2E628CB6F960029F556 /* Release */ = {
			isa = XCBuildConfiguration;
			buildSettings = {
				ASSETCATALOG_COMPILER_APPICON_NAME = AppIcon;
				ASSETCATALOG_COMPILER_GLOBAL_ACCENT_COLOR_NAME = AccentColor;
				CODE_SIGN_STYLE = Automatic;
				CURRENT_PROJECT_VERSION = 1;
				DEVELOPMENT_TEAM = ZQV4ZDQNW5;
				GENERATE_INFOPLIST_FILE = YES;
				INFOPLIST_FILE = YaGi/Info.plist;
				INFOPLIST_KEY_UIApplicationSupportsIndirectInputEvents = YES;
				INFOPLIST_KEY_UILaunchStoryboardName = LaunchScreen.storyboard;
				INFOPLIST_KEY_UIStatusBarStyle = UIStatusBarStyleLightContent;
				INFOPLIST_KEY_UISupportedInterfaceOrientations = UIInterfaceOrientationPortrait;
				INFOPLIST_KEY_UISupportedInterfaceOrientations_iPad = "UIInterfaceOrientationLandscapeLeft UIInterfaceOrientationLandscapeRight UIInterfaceOrientationPortrait UIInterfaceOrientationPortraitUpsideDown";
				INFOPLIST_KEY_UIUserInterfaceStyle = Light;
				IPHONEOS_DEPLOYMENT_TARGET = 16.2;
				LD_RUNPATH_SEARCH_PATHS = (
					"$(inherited)",
					"@executable_path/Frameworks",
				);
				MARKETING_VERSION = 1.3.0;
				PRODUCT_BUNDLE_IDENTIFIER = com.tistory.88yhtserof.YaGi;
				PRODUCT_NAME = "$(TARGET_NAME)";
				SWIFT_EMIT_LOC_STRINGS = YES;
				SWIFT_VERSION = 5.0;
				TARGETED_DEVICE_FAMILY = 1;
			};
			name = Release;
		};
/* End XCBuildConfiguration section */

/* Begin XCConfigurationList section */
		146BB2CB28CB6F930029F556 /* Build configuration list for PBXProject "YaGi" */ = {
			isa = XCConfigurationList;
			buildConfigurations = (
				146BB2E228CB6F960029F556 /* Debug */,
				146BB2E328CB6F960029F556 /* Release */,
			);
			defaultConfigurationIsVisible = 0;
			defaultConfigurationName = Release;
		};
		146BB2E428CB6F960029F556 /* Build configuration list for PBXNativeTarget "YaGi" */ = {
			isa = XCConfigurationList;
			buildConfigurations = (
				146BB2E528CB6F960029F556 /* Debug */,
				146BB2E628CB6F960029F556 /* Release */,
			);
			defaultConfigurationIsVisible = 0;
			defaultConfigurationName = Release;
		};
/* End XCConfigurationList section */

/* Begin XCRemoteSwiftPackageReference section */
		146BB2EB28CB82A90029F556 /* XCRemoteSwiftPackageReference "SnapKit" */ = {
			isa = XCRemoteSwiftPackageReference;
			repositoryURL = "https://github.com/SnapKit/SnapKit.git";
			requirement = {
				kind = upToNextMajorVersion;
				minimumVersion = 5.0.0;
			};
		};
/* End XCRemoteSwiftPackageReference section */

/* Begin XCSwiftPackageProductDependency section */
		146BB2EC28CB82A90029F556 /* SnapKit */ = {
			isa = XCSwiftPackageProductDependency;
			package = 146BB2EB28CB82A90029F556 /* XCRemoteSwiftPackageReference "SnapKit" */;
			productName = SnapKit;
		};
/* End XCSwiftPackageProductDependency section */

/* Begin XCVersionGroup section */
		146A8BDD29C6B4E0009D608E /* YaGiDataModel.xcdatamodeld */ = {
			isa = XCVersionGroup;
			children = (
				146A8BDE29C6B4E0009D608E /* YaGiDataModel.xcdatamodel */,
			);
			currentVersion = 146A8BDE29C6B4E0009D608E /* YaGiDataModel.xcdatamodel */;
			path = YaGiDataModel.xcdatamodeld;
			sourceTree = "<group>";
			versionGroupType = wrapper.xcdatamodel;
		};
/* End XCVersionGroup section */
	};
	rootObject = 146BB2C828CB6F930029F556 /* Project object */;
}
